
Microsoft Visual Studio Solution File, Format Version 12.00
# Visual Studio Version 17
VisualStudioVersion = 17.5.33502.453
MinimumVisualStudioVersion = 10.0.40219.1
Project("{FAE04EC0-301F-11D3-BF4B-00C04F79EFBC}") = "Calculator", "Calculator.csproj", "{782C379B-8CD0-4E02-90E3-F292A2DAD145}"
EndProject
Global
	GlobalSection(SolutionConfigurationPlatforms) = preSolution
		Debug|Any CPU = Debug|Any CPU
		Release|Any CPU = Release|Any CPU
	EndGlobalSection
	GlobalSection(ProjectConfigurationPlatforms) = postSolution
		{782C379B-8CD0-4E02-90E3-F292A2DAD145}.Debug|Any CPU.ActiveCfg = Debug|Any CPU
		{782C379B-8CD0-4E02-90E3-F292A2DAD145}.Debug|Any CPU.Build.0 = Debug|Any CPU
		{782C379B-8CD0-4E02-90E3-F292A2DAD145}.Release|Any CPU.ActiveCfg = Release|Any CPU
		{782C379B-8CD0-4E02-90E3-F292A2DAD145}.Release|Any CPU.Build.0 = Release|Any CPU
	EndGlobalSection
	GlobalSection(SolutionProperties) = preSolution
		HideSolutionNode = FALSE
	EndGlobalSection
	GlobalSection(ExtensibilityGlobals) = postSolution
		SolutionGuid = {DC3FE061-DAE7-4483-8B88-7504382DA70F}
	EndGlobalSection
EndGlobal
